
Microsoft Visual Studio Solution File, Format Version 12.00
# Visual Studio 15
VisualStudioVersion = 15.0.28307.106
MinimumVisualStudioVersion = 10.0.40219.1
Project("{FAE04EC0-301F-11D3-BF4B-00C04F79EFBC}") = "TV Rename Missing XML Viewer", "TV Rename Missing XML Parser\TV Rename Missing XML Viewer.csproj", "{3D321148-6E5B-45DB-B03B-CE3314F9F995}"
EndProject
Global
	GlobalSection(SolutionConfigurationPlatforms) = preSolution
		Debug|Any CPU = Debug|Any CPU
		Release|Any CPU = Release|Any CPU
	EndGlobalSection
	GlobalSection(ProjectConfigurationPlatforms) = postSolution
		{3D321148-6E5B-45DB-B03B-CE3314F9F995}.Debug|Any CPU.ActiveCfg = Debug|Any CPU
		{3D321148-6E5B-45DB-B03B-CE3314F9F995}.Debug|Any CPU.Build.0 = Debug|Any CPU
		{3D321148-6E5B-45DB-B03B-CE3314F9F995}.Release|Any CPU.ActiveCfg = Release|Any CPU
		{3D321148-6E5B-45DB-B03B-CE3314F9F995}.Release|Any CPU.Build.0 = Release|Any CPU
	EndGlobalSection
	GlobalSection(SolutionProperties) = preSolution
		HideSolutionNode = FALSE
	EndGlobalSection
	GlobalSection(ExtensibilityGlobals) = postSolution
		SolutionGuid = {240CBA94-2178-40AB-AC49-509A38F13740}
	EndGlobalSection
EndGlobal
